
Microsoft Visual Studio Solution File, Format Version 12.00
Project("{FAE04EC0-301F-11D3-BF4B-00C04F79EFBC}") = "BookStore.API", "BookStore.API\BookStore.API.csproj", "{3A9B0976-6525-420B-9EE0-7A3C9A6329B9}"
EndProject
Project("{FAE04EC0-301F-11D3-BF4B-00C04F79EFBC}") = "BookStore.DAL", "BookStore.DAL\BookStore.DAL.csproj", "{D041AF4E-59CC-4D8A-A176-E843D00DE244}"
EndProject
Project("{FAE04EC0-301F-11D3-BF4B-00C04F79EFBC}") = "BookStore.BLL", "BookStore.BLL\BookStore.BLL.csproj", "{5C9B2F2F-0F43-416C-BD90-6ECAB7F0D491}"
EndProject
Project("{2150E333-8FDC-42A3-9474-1A3956D46DE8}") = "src", "src", "{63F5A76E-1E7B-428E-B0D8-FB3415C199EC}"
EndProject
Global
	GlobalSection(SolutionConfigurationPlatforms) = preSolution
		Debug|Any CPU = Debug|Any CPU
		Release|Any CPU = Release|Any CPU
	EndGlobalSection
	GlobalSection(ProjectConfigurationPlatforms) = postSolution
		{3A9B0976-6525-420B-9EE0-7A3C9A6329B9}.Debug|Any CPU.ActiveCfg = Debug|Any CPU
		{3A9B0976-6525-420B-9EE0-7A3C9A6329B9}.Debug|Any CPU.Build.0 = Debug|Any CPU
		{3A9B0976-6525-420B-9EE0-7A3C9A6329B9}.Release|Any CPU.ActiveCfg = Release|Any CPU
		{3A9B0976-6525-420B-9EE0-7A3C9A6329B9}.Release|Any CPU.Build.0 = Release|Any CPU
		{D041AF4E-59CC-4D8A-A176-E843D00DE244}.Debug|Any CPU.ActiveCfg = Debug|Any CPU
		{D041AF4E-59CC-4D8A-A176-E843D00DE244}.Debug|Any CPU.Build.0 = Debug|Any CPU
		{D041AF4E-59CC-4D8A-A176-E843D00DE244}.Release|Any CPU.ActiveCfg = Release|Any CPU
		{D041AF4E-59CC-4D8A-A176-E843D00DE244}.Release|Any CPU.Build.0 = Release|Any CPU
		{5C9B2F2F-0F43-416C-BD90-6ECAB7F0D491}.Debug|Any CPU.ActiveCfg = Debug|Any CPU
		{5C9B2F2F-0F43-416C-BD90-6ECAB7F0D491}.Debug|Any CPU.Build.0 = Debug|Any CPU
		{5C9B2F2F-0F43-416C-BD90-6ECAB7F0D491}.Release|Any CPU.ActiveCfg = Release|Any CPU
		{5C9B2F2F-0F43-416C-BD90-6ECAB7F0D491}.Release|Any CPU.Build.0 = Release|Any CPU
	EndGlobalSection
	GlobalSection(NestedProjects) = preSolution
		{5C9B2F2F-0F43-416C-BD90-6ECAB7F0D491} = {63F5A76E-1E7B-428E-B0D8-FB3415C199EC}
		{3A9B0976-6525-420B-9EE0-7A3C9A6329B9} = {63F5A76E-1E7B-428E-B0D8-FB3415C199EC}
		{D041AF4E-59CC-4D8A-A176-E843D00DE244} = {63F5A76E-1E7B-428E-B0D8-FB3415C199EC}
	EndGlobalSection
EndGlobal
